// !$*UTF8*$!
{
	archiveVersion = 1;
	classes = {
	};
	objectVersion = 46;
	objects = {

/* Begin PBXGroup section */
		C1CC06B81E7364E800BAECB3 = {
			isa = PBXGroup;
			children = (
			);
			sourceTree = "<group>";
		};
/* End PBXGroup section */

/* Begin PBXProject section */
		C1CC06B91E7364E800BAECB3 /* Project object */ = {
			isa = PBXProject;
			attributes = {
				LastUpgradeCheck = 0810;
			};
			buildConfigurationList = C1CC06BC1E7364E800BAECB3 /* Build configuration list for PBXProject "PPCtoLLVM" */;
			compatibilityVersion = "Xcode 3.2";
			developmentRegion = English;
			hasScannedForEncodings = 0;
			knownRegions = (
				en,
			);
			mainGroup = C1CC06B81E7364E800BAECB3;
			projectDirPath = "";
			projectRoot = "";
			targets = (
			);
		};
/* End PBXProject section */

/* Begin XCBuildConfiguration section */
		C1CC06BD1E7364E800BAECB3 /* Debug */ = {
			isa = XCBuildConfiguration;
			buildSettings = {
			};
			name = Debug;
		};
		C1CC06BE1E7364E800BAECB3 /* Release */ = {
			isa = XCBuildConfiguration;
			buildSettings = {
			};
			name = Release;
		};
/* End XCBuildConfiguration section */

/* Begin XCConfigurationList section */
		C1CC06BC1E7364E800BAECB3 /* Build configuration list for PBXProject "PPCtoLLVM" */ = {
			isa = XCConfigurationList;
			buildConfigurations = (
				C1CC06BD1E7364E800BAECB3 /* Debug */,
				C1CC06BE1E7364E800BAECB3 /* Release */,
			);
			defaultConfigurationIsVisible = 0;
			defaultConfigurationName = Release;
		};
/* End XCConfigurationList section */
	};
	rootObject = C1CC06B91E7364E800BAECB3 /* Project object */;
}
