// !$*UTF8*$!
{
	archiveVersion = 1;
	classes = {
	};
	objectVersion = 46;
	objects = {

/* Begin PBXBuildFile section */
		B22BD46D1E858B070056A702 /* main.cpp in Sources */ = {isa = PBXBuildFile; fileRef = B22BD46C1E858B070056A702 /* main.cpp */; };
		B22BD4711E858CEB0056A702 /* libtranslation.a in Frameworks */ = {isa = PBXBuildFile; fileRef = C1BF1AC81E768E2500F766EA /* libtranslation.a */; };
		C1059D551E848413008A777B /* files.cpp in Sources */ = {isa = PBXBuildFile; fileRef = C1059D531E848413008A777B /* files.cpp */; };
		C1BF1ABE1E7528C400F766EA /* main.cpp in Sources */ = {isa = PBXBuildFile; fileRef = C1BF1ABD1E7528C400F766EA /* main.cpp */; };
		C1BF1AC31E752A7600F766EA /* gtest-all.cc in Sources */ = {isa = PBXBuildFile; fileRef = C1BF1AC21E752A7600F766EA /* gtest-all.cc */; };
		C1BF1AD81E768EB700F766EA /* translate.cpp in Sources */ = {isa = PBXBuildFile; fileRef = C1BF1AD61E768EB700F766EA /* translate.cpp */; };
		C1BF1AD91E7712CA00F766EA /* libtranslation.a in Frameworks */ = {isa = PBXBuildFile; fileRef = C1BF1AC81E768E2500F766EA /* libtranslation.a */; };
		C1BF1ADC1E771B5B00F766EA /* disassemble.cpp in Sources */ = {isa = PBXBuildFile; fileRef = C1BF1ADA1E771B5B00F766EA /* disassemble.cpp */; };
		C1BF1ADD1E771B5B00F766EA /* disassembly.h in Headers */ = {isa = PBXBuildFile; fileRef = C1BF1ADB1E771B5B00F766EA /* disassembly.h */; };
		C1BF1D3F1E7879A900F766EA /* translation.cpp in Sources */ = {isa = PBXBuildFile; fileRef = C1BF1D3E1E7879A900F766EA /* translation.cpp */; };
/* End PBXBuildFile section */

/* Begin PBXContainerItemProxy section */
		C108592C1E8594D70043CC67 /* PBXContainerItemProxy */ = {
			isa = PBXContainerItemProxy;
			containerPortal = C1CC06B91E7364E800BAECB3 /* Project object */;
			proxyType = 1;
			remoteGlobalIDString = B22BD4691E858B070056A702;
			remoteInfo = translate;
		};
		C1BF1D401E787A4500F766EA /* PBXContainerItemProxy */ = {
			isa = PBXContainerItemProxy;
			containerPortal = C1CC06B91E7364E800BAECB3 /* Project object */;
			proxyType = 1;
			remoteGlobalIDString = C1CC06BF1E73666B00BAECB3;
			remoteInfo = "test-data";
		};
		C1C3B23D1E81B8DF009EDB5D /* PBXContainerItemProxy */ = {
			isa = PBXContainerItemProxy;
			containerPortal = C1CC06B91E7364E800BAECB3 /* Project object */;
			proxyType = 1;
			remoteGlobalIDString = C1BF1AC71E768E2500F766EA;
			remoteInfo = translation;
		};
/* End PBXContainerItemProxy section */

/* Begin PBXCopyFilesBuildPhase section */
		B22BD4681E858B070056A702 /* CopyFiles */ = {
			isa = PBXCopyFilesBuildPhase;
			buildActionMask = 2147483647;
			dstPath = /usr/share/man/man1/;
			dstSubfolderSpec = 0;
			files = (
			);
			runOnlyForDeploymentPostprocessing = 1;
		};
		C1BF1AB81E7528C400F766EA /* CopyFiles */ = {
			isa = PBXCopyFilesBuildPhase;
			buildActionMask = 2147483647;
			dstPath = /usr/share/man/man1/;
			dstSubfolderSpec = 0;
			files = (
			);
			runOnlyForDeploymentPostprocessing = 1;
		};
/* End PBXCopyFilesBuildPhase section */

/* Begin PBXFileReference section */
		B22BD46A1E858B070056A702 /* translate */ = {isa = PBXFileReference; explicitFileType = "compiled.mach-o.executable"; includeInIndex = 0; path = translate; sourceTree = BUILT_PRODUCTS_DIR; };
		B22BD46C1E858B070056A702 /* main.cpp */ = {isa = PBXFileReference; lastKnownFileType = sourcecode.cpp.cpp; path = main.cpp; sourceTree = "<group>"; };
		C1059D531E848413008A777B /* files.cpp */ = {isa = PBXFileReference; fileEncoding = 4; lastKnownFileType = sourcecode.cpp.cpp; path = files.cpp; sourceTree = "<group>"; };
		C1059D541E848413008A777B /* files.h */ = {isa = PBXFileReference; fileEncoding = 4; lastKnownFileType = sourcecode.c.h; path = files.h; sourceTree = "<group>"; };
		C10C87D21E81E377002110AD /* disassemble.h */ = {isa = PBXFileReference; lastKnownFileType = sourcecode.c.h; path = disassemble.h; sourceTree = "<group>"; };
		C10C87D31E81EC31002110AD /* translation.h */ = {isa = PBXFileReference; lastKnownFileType = sourcecode.c.h; path = translation.h; sourceTree = "<group>"; };
		C10C87D51E8272DD002110AD /* include */ = {isa = PBXFileReference; lastKnownFileType = folder; name = include; path = ../../Cellar/llvm/3.9.1_1/include; sourceTree = "<group>"; };
		C1BF1AB51E75283B00F766EA /* data */ = {isa = PBXFileReference; lastKnownFileType = folder; path = data; sourceTree = "<group>"; };
		C1BF1ABA1E7528C400F766EA /* tests */ = {isa = PBXFileReference; explicitFileType = "compiled.mach-o.executable"; includeInIndex = 0; path = tests; sourceTree = BUILT_PRODUCTS_DIR; };
		C1BF1ABD1E7528C400F766EA /* main.cpp */ = {isa = PBXFileReference; lastKnownFileType = sourcecode.cpp.cpp; path = main.cpp; sourceTree = "<group>"; };
		C1BF1AC21E752A7600F766EA /* gtest-all.cc */ = {isa = PBXFileReference; fileEncoding = 4; lastKnownFileType = sourcecode.cpp.cpp; name = "gtest-all.cc"; path = "googletest/src/gtest-all.cc"; sourceTree = "<group>"; };
		C1BF1AC81E768E2500F766EA /* libtranslation.a */ = {isa = PBXFileReference; explicitFileType = archive.ar; includeInIndex = 0; path = libtranslation.a; sourceTree = BUILT_PRODUCTS_DIR; };
		C1BF1AD61E768EB700F766EA /* translate.cpp */ = {isa = PBXFileReference; fileEncoding = 4; lastKnownFileType = sourcecode.cpp.cpp; path = translate.cpp; sourceTree = "<group>"; };
		C1BF1ADA1E771B5B00F766EA /* disassemble.cpp */ = {isa = PBXFileReference; fileEncoding = 4; lastKnownFileType = sourcecode.cpp.cpp; path = disassemble.cpp; sourceTree = "<group>"; };
		C1BF1ADB1E771B5B00F766EA /* disassembly.h */ = {isa = PBXFileReference; fileEncoding = 4; lastKnownFileType = sourcecode.c.h; path = disassembly.h; sourceTree = "<group>"; };
		C1BF1D3E1E7879A900F766EA /* translation.cpp */ = {isa = PBXFileReference; fileEncoding = 4; lastKnownFileType = sourcecode.cpp.cpp; path = translation.cpp; sourceTree = "<group>"; };
		C1C3B23A1E81B5E9009EDB5D /* translate.h */ = {isa = PBXFileReference; fileEncoding = 4; lastKnownFileType = sourcecode.c.h; path = translate.h; sourceTree = "<group>"; };
/* End PBXFileReference section */

/* Begin PBXFrameworksBuildPhase section */
		B22BD4671E858B070056A702 /* Frameworks */ = {
			isa = PBXFrameworksBuildPhase;
			buildActionMask = 2147483647;
			files = (
				B22BD4711E858CEB0056A702 /* libtranslation.a in Frameworks */,
			);
			runOnlyForDeploymentPostprocessing = 0;
		};
		C1BF1AB71E7528C400F766EA /* Frameworks */ = {
			isa = PBXFrameworksBuildPhase;
			buildActionMask = 2147483647;
			files = (
				C1BF1AD91E7712CA00F766EA /* libtranslation.a in Frameworks */,
			);
			runOnlyForDeploymentPostprocessing = 0;
		};
		C1BF1AC51E768E2500F766EA /* Frameworks */ = {
			isa = PBXFrameworksBuildPhase;
			buildActionMask = 2147483647;
			files = (
			);
			runOnlyForDeploymentPostprocessing = 0;
		};
/* End PBXFrameworksBuildPhase section */

/* Begin PBXGroup section */
		B22BD46B1E858B070056A702 /* translate */ = {
			isa = PBXGroup;
			children = (
				B22BD46C1E858B070056A702 /* main.cpp */,
			);
			path = translate;
			sourceTree = "<group>";
		};
		C10C87D41E827246002110AD /* llvm */ = {
			isa = PBXGroup;
			children = (
				C10C87D51E8272DD002110AD /* include */,
			);
			name = llvm;
			path = /usr/local/opt/llvm;
			sourceTree = "<absolute>";
		};
		C1BF1ABB1E7528C400F766EA /* Products */ = {
			isa = PBXGroup;
			children = (
				C1BF1ABA1E7528C400F766EA /* tests */,
				C1BF1AC81E768E2500F766EA /* libtranslation.a */,
				B22BD46A1E858B070056A702 /* translate */,
			);
			name = Products;
			sourceTree = "<group>";
		};
		C1BF1AC91E768E2500F766EA /* translation */ = {
			isa = PBXGroup;
			children = (
				C1BF1ADA1E771B5B00F766EA /* disassemble.cpp */,
				C1BF1AD61E768EB700F766EA /* translate.cpp */,
			);
			path = translation;
			sourceTree = "<group>";
		};
		C1BF1AD31E768EB700F766EA /* include */ = {
			isa = PBXGroup;
			children = (
				C1C3B2391E81B5E9009EDB5D /* ppc-to-llvm */,
			);
			path = include;
			sourceTree = "<group>";
		};
		C1BF1ADE1E78781A00F766EA /* googletest */ = {
			isa = PBXGroup;
			children = (
				C1BF1AC21E752A7600F766EA /* gtest-all.cc */,
			);
			path = googletest;
			sourceTree = "<group>";
		};
		C1C3B2391E81B5E9009EDB5D /* ppc-to-llvm */ = {
			isa = PBXGroup;
			children = (
				C10C87D21E81E377002110AD /* disassemble.h */,
				C1BF1ADB1E771B5B00F766EA /* disassembly.h */,
				C1C3B23A1E81B5E9009EDB5D /* translate.h */,
				C10C87D31E81EC31002110AD /* translation.h */,
			);
			path = "ppc-to-llvm";
			sourceTree = "<group>";
		};
		C1CC06B81E7364E800BAECB3 = {
			isa = PBXGroup;
			children = (
				C1BF1ADE1E78781A00F766EA /* googletest */,
				C1BF1AD31E768EB700F766EA /* include */,
				C10C87D41E827246002110AD /* llvm */,
				C1CC06C31E73668600BAECB3 /* tests */,
				B22BD46B1E858B070056A702 /* translate */,
				C1BF1AC91E768E2500F766EA /* translation */,
				C1BF1ABB1E7528C400F766EA /* Products */,
			);
			sourceTree = "<group>";
			usesTabs = 1;
		};
		C1CC06C31E73668600BAECB3 /* tests */ = {
			isa = PBXGroup;
			children = (
				C1BF1AB51E75283B00F766EA /* data */,
				C1059D531E848413008A777B /* files.cpp */,
				C1059D541E848413008A777B /* files.h */,
				C1BF1ABD1E7528C400F766EA /* main.cpp */,
				C1BF1D3E1E7879A900F766EA /* translation.cpp */,
			);
			path = tests;
			sourceTree = "<group>";
		};
/* End PBXGroup section */

/* Begin PBXHeadersBuildPhase section */
		C1BF1AC61E768E2500F766EA /* Headers */ = {
			isa = PBXHeadersBuildPhase;
			buildActionMask = 2147483647;
			files = (
				C1BF1ADD1E771B5B00F766EA /* disassembly.h in Headers */,
			);
			runOnlyForDeploymentPostprocessing = 0;
		};
/* End PBXHeadersBuildPhase section */

/* Begin PBXLegacyTarget section */
		C10859281E85939F0043CC67 /* correctness-test-data */ = {
			isa = PBXLegacyTarget;
			buildArgumentsString = "$(ACTION)";
			buildConfigurationList = C108592B1E85939F0043CC67 /* Build configuration list for PBXLegacyTarget "correctness-test-data" */;
			buildPhases = (
			);
			buildToolPath = /usr/bin/make;
			buildWorkingDirectory = tests/data/correctness;
			dependencies = (
				C108592D1E8594D70043CC67 /* PBXTargetDependency */,
			);
			name = "correctness-test-data";
			passBuildSettingsInEnvironment = 1;
			productName = "correctness-tests-data";
		};
		C1CC06BF1E73666B00BAECB3 /* translation-test-data */ = {
			isa = PBXLegacyTarget;
			buildArgumentsString = "$(ACTION)";
			buildConfigurationList = C1CC06C21E73666C00BAECB3 /* Build configuration list for PBXLegacyTarget "translation-test-data" */;
			buildPhases = (
			);
			buildToolPath = /usr/bin/make;
			buildWorkingDirectory = tests/data/translation;
			dependencies = (
			);
			name = "translation-test-data";
			passBuildSettingsInEnvironment = 1;
			productName = tests;
		};
/* End PBXLegacyTarget section */

/* Begin PBXNativeTarget section */
		B22BD4691E858B070056A702 /* translate */ = {
			isa = PBXNativeTarget;
			buildConfigurationList = B22BD4701E858B070056A702 /* Build configuration list for PBXNativeTarget "translate" */;
			buildPhases = (
				B22BD4661E858B070056A702 /* Sources */,
				B22BD4671E858B070056A702 /* Frameworks */,
				B22BD4681E858B070056A702 /* CopyFiles */,
			);
			buildRules = (
			);
			dependencies = (
			);
			name = translate;
			productName = translate;
			productReference = B22BD46A1E858B070056A702 /* translate */;
			productType = "com.apple.product-type.tool";
		};
		C1BF1AB91E7528C400F766EA /* tests */ = {
			isa = PBXNativeTarget;
			buildConfigurationList = C1BF1ABF1E7528C400F766EA /* Build configuration list for PBXNativeTarget "tests" */;
			buildPhases = (
				C1BF1AB61E7528C400F766EA /* Sources */,
				C1BF1AB71E7528C400F766EA /* Frameworks */,
				C1BF1AB81E7528C400F766EA /* CopyFiles */,
			);
			buildRules = (
			);
			dependencies = (
				C1C3B23E1E81B8DF009EDB5D /* PBXTargetDependency */,
				C1BF1D411E787A4500F766EA /* PBXTargetDependency */,
			);
			name = tests;
			productName = tests;
			productReference = C1BF1ABA1E7528C400F766EA /* tests */;
			productType = "com.apple.product-type.tool";
		};
		C1BF1AC71E768E2500F766EA /* translation */ = {
			isa = PBXNativeTarget;
			buildConfigurationList = C1BF1AD01E768E2500F766EA /* Build configuration list for PBXNativeTarget "translation" */;
			buildPhases = (
				C1BF1AC41E768E2500F766EA /* Sources */,
				C1BF1AC51E768E2500F766EA /* Frameworks */,
				C1BF1AC61E768E2500F766EA /* Headers */,
			);
			buildRules = (
			);
			dependencies = (
			);
			name = translation;
			productName = translation;
			productReference = C1BF1AC81E768E2500F766EA /* libtranslation.a */;
			productType = "com.apple.product-type.library.static";
		};
/* End PBXNativeTarget section */

/* Begin PBXProject section */
		C1CC06B91E7364E800BAECB3 /* Project object */ = {
			isa = PBXProject;
			attributes = {
				LastUpgradeCheck = 0810;
				TargetAttributes = {
					B22BD4691E858B070056A702 = {
						CreatedOnToolsVersion = 8.2.1;
						ProvisioningStyle = Automatic;
					};
					C10859281E85939F0043CC67 = {
						CreatedOnToolsVersion = 8.1;
						ProvisioningStyle = Automatic;
					};
					C1BF1AB91E7528C400F766EA = {
						CreatedOnToolsVersion = 8.1;
						ProvisioningStyle = Automatic;
					};
					C1BF1AC71E768E2500F766EA = {
						CreatedOnToolsVersion = 8.1;
						ProvisioningStyle = Automatic;
					};
					C1CC06BF1E73666B00BAECB3 = {
						CreatedOnToolsVersion = 8.1;
						ProvisioningStyle = Automatic;
					};
				};
			};
			buildConfigurationList = C1CC06BC1E7364E800BAECB3 /* Build configuration list for PBXProject "PPCtoLLVM" */;
			compatibilityVersion = "Xcode 3.2";
			developmentRegion = English;
			hasScannedForEncodings = 0;
			knownRegions = (
				en,
			);
			mainGroup = C1CC06B81E7364E800BAECB3;
			productRefGroup = C1BF1ABB1E7528C400F766EA /* Products */;
			projectDirPath = "";
			projectRoot = "";
			targets = (
				C1BF1AB91E7528C400F766EA /* tests */,
				B22BD4691E858B070056A702 /* translate */,
				C1BF1AC71E768E2500F766EA /* translation */,
				C1CC06BF1E73666B00BAECB3 /* translation-test-data */,
				C10859281E85939F0043CC67 /* correctness-test-data */,
			);
		};
/* End PBXProject section */

/* Begin PBXSourcesBuildPhase section */
		B22BD4661E858B070056A702 /* Sources */ = {
			isa = PBXSourcesBuildPhase;
			buildActionMask = 2147483647;
			files = (
				B22BD46D1E858B070056A702 /* main.cpp in Sources */,
			);
			runOnlyForDeploymentPostprocessing = 0;
		};
		C1BF1AB61E7528C400F766EA /* Sources */ = {
			isa = PBXSourcesBuildPhase;
			buildActionMask = 2147483647;
			files = (
				C1BF1ABE1E7528C400F766EA /* main.cpp in Sources */,
				C1059D551E848413008A777B /* files.cpp in Sources */,
				C1BF1D3F1E7879A900F766EA /* translation.cpp in Sources */,
				C1BF1AC31E752A7600F766EA /* gtest-all.cc in Sources */,
			);
			runOnlyForDeploymentPostprocessing = 0;
		};
		C1BF1AC41E768E2500F766EA /* Sources */ = {
			isa = PBXSourcesBuildPhase;
			buildActionMask = 2147483647;
			files = (
				C1BF1ADC1E771B5B00F766EA /* disassemble.cpp in Sources */,
				C1BF1AD81E768EB700F766EA /* translate.cpp in Sources */,
			);
			runOnlyForDeploymentPostprocessing = 0;
		};
/* End PBXSourcesBuildPhase section */

/* Begin PBXTargetDependency section */
		C108592D1E8594D70043CC67 /* PBXTargetDependency */ = {
			isa = PBXTargetDependency;
			target = B22BD4691E858B070056A702 /* translate */;
			targetProxy = C108592C1E8594D70043CC67 /* PBXContainerItemProxy */;
		};
		C1BF1D411E787A4500F766EA /* PBXTargetDependency */ = {
			isa = PBXTargetDependency;
			target = C1CC06BF1E73666B00BAECB3 /* translation-test-data */;
			targetProxy = C1BF1D401E787A4500F766EA /* PBXContainerItemProxy */;
		};
		C1C3B23E1E81B8DF009EDB5D /* PBXTargetDependency */ = {
			isa = PBXTargetDependency;
			target = C1BF1AC71E768E2500F766EA /* translation */;
			targetProxy = C1C3B23D1E81B8DF009EDB5D /* PBXContainerItemProxy */;
		};
/* End PBXTargetDependency section */

/* Begin XCBuildConfiguration section */
		B22BD46E1E858B070056A702 /* Debug */ = {
			isa = XCBuildConfiguration;
			buildSettings = {
				ALWAYS_SEARCH_USER_PATHS = NO;
				CLANG_ANALYZER_NONNULL = YES;
				CLANG_CXX_LANGUAGE_STANDARD = "gnu++0x";
				CLANG_CXX_LIBRARY = "libc++";
				CLANG_ENABLE_MODULES = YES;
				CLANG_ENABLE_OBJC_ARC = YES;
				CLANG_WARN_BOOL_CONVERSION = YES;
				CLANG_WARN_CONSTANT_CONVERSION = YES;
				CLANG_WARN_DIRECT_OBJC_ISA_USAGE = YES_ERROR;
				CLANG_WARN_DOCUMENTATION_COMMENTS = YES;
				CLANG_WARN_EMPTY_BODY = YES;
				CLANG_WARN_ENUM_CONVERSION = YES;
				CLANG_WARN_INFINITE_RECURSION = YES;
				CLANG_WARN_INT_CONVERSION = YES;
				CLANG_WARN_OBJC_ROOT_CLASS = YES_ERROR;
				CLANG_WARN_SUSPICIOUS_MOVE = YES;
				CLANG_WARN_UNREACHABLE_CODE = YES;
				CLANG_WARN__DUPLICATE_METHOD_MATCH = YES;
				CODE_SIGN_IDENTITY = "-";
				COPY_PHASE_STRIP = NO;
				DEBUG_INFORMATION_FORMAT = dwarf;
				ENABLE_STRICT_OBJC_MSGSEND = YES;
				ENABLE_TESTABILITY = YES;
				GCC_C_LANGUAGE_STANDARD = gnu99;
				GCC_DYNAMIC_NO_PIC = NO;
				GCC_NO_COMMON_BLOCKS = YES;
				GCC_OPTIMIZATION_LEVEL = 0;
				GCC_PREPROCESSOR_DEFINITIONS = (
					"DEBUG=1",
					"$(inherited)",
				);
				GCC_WARN_64_TO_32_BIT_CONVERSION = YES;
				GCC_WARN_ABOUT_RETURN_TYPE = YES_ERROR;
				GCC_WARN_UNDECLARED_SELECTOR = YES;
				GCC_WARN_UNINITIALIZED_AUTOS = YES_AGGRESSIVE;
				GCC_WARN_UNUSED_FUNCTION = YES;
				GCC_WARN_UNUSED_VARIABLE = YES;
				MACOSX_DEPLOYMENT_TARGET = 10.11;
				MTL_ENABLE_DEBUG_INFO = YES;
				ONLY_ACTIVE_ARCH = YES;
				OTHER_LDFLAGS = (
					"-lcurses",
					"-lcapstone",
					"-lLLVMCore",
					"-lLLVMSupport",
				);
				PRODUCT_NAME = "$(TARGET_NAME)";
				SDKROOT = macosx;
			};
			name = Debug;
		};
		B22BD46F1E858B070056A702 /* Release */ = {
			isa = XCBuildConfiguration;
			buildSettings = {
				ALWAYS_SEARCH_USER_PATHS = NO;
				CLANG_ANALYZER_NONNULL = YES;
				CLANG_CXX_LANGUAGE_STANDARD = "gnu++0x";
				CLANG_CXX_LIBRARY = "libc++";
				CLANG_ENABLE_MODULES = YES;
				CLANG_ENABLE_OBJC_ARC = YES;
				CLANG_WARN_BOOL_CONVERSION = YES;
				CLANG_WARN_CONSTANT_CONVERSION = YES;
				CLANG_WARN_DIRECT_OBJC_ISA_USAGE = YES_ERROR;
				CLANG_WARN_DOCUMENTATION_COMMENTS = YES;
				CLANG_WARN_EMPTY_BODY = YES;
				CLANG_WARN_ENUM_CONVERSION = YES;
				CLANG_WARN_INFINITE_RECURSION = YES;
				CLANG_WARN_INT_CONVERSION = YES;
				CLANG_WARN_OBJC_ROOT_CLASS = YES_ERROR;
				CLANG_WARN_SUSPICIOUS_MOVE = YES;
				CLANG_WARN_UNREACHABLE_CODE = YES;
				CLANG_WARN__DUPLICATE_METHOD_MATCH = YES;
				CODE_SIGN_IDENTITY = "-";
				COPY_PHASE_STRIP = NO;
				DEBUG_INFORMATION_FORMAT = "dwarf-with-dsym";
				ENABLE_NS_ASSERTIONS = NO;
				ENABLE_STRICT_OBJC_MSGSEND = YES;
				GCC_C_LANGUAGE_STANDARD = gnu99;
				GCC_NO_COMMON_BLOCKS = YES;
				GCC_WARN_64_TO_32_BIT_CONVERSION = YES;
				GCC_WARN_ABOUT_RETURN_TYPE = YES_ERROR;
				GCC_WARN_UNDECLARED_SELECTOR = YES;
				GCC_WARN_UNINITIALIZED_AUTOS = YES_AGGRESSIVE;
				GCC_WARN_UNUSED_FUNCTION = YES;
				GCC_WARN_UNUSED_VARIABLE = YES;
				MACOSX_DEPLOYMENT_TARGET = 10.11;
				MTL_ENABLE_DEBUG_INFO = NO;
				OTHER_LDFLAGS = (
					"-lcurses",
					"-lcapstone",
					"-lLLVMCore",
					"-lLLVMSupport",
				);
				PRODUCT_NAME = "$(TARGET_NAME)";
				SDKROOT = macosx;
			};
			name = Release;
		};
		C10859291E85939F0043CC67 /* Debug */ = {
			isa = XCBuildConfiguration;
			buildSettings = {
				ALWAYS_SEARCH_USER_PATHS = NO;
				CLANG_ANALYZER_NONNULL = YES;
				CLANG_CXX_LANGUAGE_STANDARD = "gnu++0x";
				CLANG_CXX_LIBRARY = "libc++";
				CLANG_ENABLE_MODULES = YES;
				CLANG_ENABLE_OBJC_ARC = YES;
				CLANG_WARN_BOOL_CONVERSION = YES;
				CLANG_WARN_CONSTANT_CONVERSION = YES;
				CLANG_WARN_DIRECT_OBJC_ISA_USAGE = YES_ERROR;
				CLANG_WARN_DOCUMENTATION_COMMENTS = YES;
				CLANG_WARN_EMPTY_BODY = YES;
				CLANG_WARN_ENUM_CONVERSION = YES;
				CLANG_WARN_INFINITE_RECURSION = YES;
				CLANG_WARN_INT_CONVERSION = YES;
				CLANG_WARN_OBJC_ROOT_CLASS = YES_ERROR;
				CLANG_WARN_SUSPICIOUS_MOVES = YES;
				CLANG_WARN_UNREACHABLE_CODE = YES;
				CLANG_WARN__DUPLICATE_METHOD_MATCH = YES;
				COPY_PHASE_STRIP = NO;
				DEBUGGING_SYMBOLS = YES;
				DEBUG_INFORMATION_FORMAT = dwarf;
				ENABLE_STRICT_OBJC_MSGSEND = YES;
				ENABLE_TESTABILITY = YES;
				GCC_C_LANGUAGE_STANDARD = gnu99;
				GCC_DYNAMIC_NO_PIC = NO;
				GCC_GENERATE_DEBUGGING_SYMBOLS = YES;
				GCC_NO_COMMON_BLOCKS = YES;
				GCC_OPTIMIZATION_LEVEL = 0;
				GCC_PREPROCESSOR_DEFINITIONS = (
					"DEBUG=1",
					"$(inherited)",
				);
				GCC_WARN_64_TO_32_BIT_CONVERSION = YES;
				GCC_WARN_ABOUT_RETURN_TYPE = YES_ERROR;
				GCC_WARN_UNDECLARED_SELECTOR = YES;
				GCC_WARN_UNINITIALIZED_AUTOS = YES_AGGRESSIVE;
				GCC_WARN_UNUSED_FUNCTION = YES;
				GCC_WARN_UNUSED_VARIABLE = YES;
				MTL_ENABLE_DEBUG_INFO = YES;
				ONLY_ACTIVE_ARCH = YES;
				OTHER_CFLAGS = "";
				OTHER_LDFLAGS = "";
				PRODUCT_NAME = "$(TARGET_NAME)";
			};
			name = Debug;
		};
		C108592A1E85939F0043CC67 /* Release */ = {
			isa = XCBuildConfiguration;
			buildSettings = {
				ALWAYS_SEARCH_USER_PATHS = NO;
				CLANG_ANALYZER_NONNULL = YES;
				CLANG_CXX_LANGUAGE_STANDARD = "gnu++0x";
				CLANG_CXX_LIBRARY = "libc++";
				CLANG_ENABLE_MODULES = YES;
				CLANG_ENABLE_OBJC_ARC = YES;
				CLANG_WARN_BOOL_CONVERSION = YES;
				CLANG_WARN_CONSTANT_CONVERSION = YES;
				CLANG_WARN_DIRECT_OBJC_ISA_USAGE = YES_ERROR;
				CLANG_WARN_DOCUMENTATION_COMMENTS = YES;
				CLANG_WARN_EMPTY_BODY = YES;
				CLANG_WARN_ENUM_CONVERSION = YES;
				CLANG_WARN_INFINITE_RECURSION = YES;
				CLANG_WARN_INT_CONVERSION = YES;
				CLANG_WARN_OBJC_ROOT_CLASS = YES_ERROR;
				CLANG_WARN_SUSPICIOUS_MOVES = YES;
				CLANG_WARN_UNREACHABLE_CODE = YES;
				CLANG_WARN__DUPLICATE_METHOD_MATCH = YES;
				COPY_PHASE_STRIP = NO;
				DEBUG_INFORMATION_FORMAT = "dwarf-with-dsym";
				ENABLE_NS_ASSERTIONS = NO;
				ENABLE_STRICT_OBJC_MSGSEND = YES;
				GCC_C_LANGUAGE_STANDARD = gnu99;
				GCC_NO_COMMON_BLOCKS = YES;
				GCC_WARN_64_TO_32_BIT_CONVERSION = YES;
				GCC_WARN_ABOUT_RETURN_TYPE = YES_ERROR;
				GCC_WARN_UNDECLARED_SELECTOR = YES;
				GCC_WARN_UNINITIALIZED_AUTOS = YES_AGGRESSIVE;
				GCC_WARN_UNUSED_FUNCTION = YES;
				GCC_WARN_UNUSED_VARIABLE = YES;
				MTL_ENABLE_DEBUG_INFO = NO;
				OTHER_CFLAGS = "";
				OTHER_LDFLAGS = "";
				PRODUCT_NAME = "$(TARGET_NAME)";
			};
			name = Release;
		};
		C1BF1AC01E7528C400F766EA /* Debug */ = {
			isa = XCBuildConfiguration;
			buildSettings = {
				ALWAYS_SEARCH_USER_PATHS = NO;
				CLANG_ANALYZER_NONNULL = YES;
				CLANG_CXX_LANGUAGE_STANDARD = "gnu++0x";
				CLANG_CXX_LIBRARY = "libc++";
				CLANG_ENABLE_MODULES = YES;
				CLANG_ENABLE_OBJC_ARC = YES;
				CLANG_WARN_BOOL_CONVERSION = YES;
				CLANG_WARN_CONSTANT_CONVERSION = YES;
				CLANG_WARN_DIRECT_OBJC_ISA_USAGE = YES_ERROR;
				CLANG_WARN_DOCUMENTATION_COMMENTS = YES;
				CLANG_WARN_EMPTY_BODY = YES;
				CLANG_WARN_ENUM_CONVERSION = YES;
				CLANG_WARN_INFINITE_RECURSION = YES;
				CLANG_WARN_INT_CONVERSION = YES;
				CLANG_WARN_OBJC_ROOT_CLASS = YES_ERROR;
				CLANG_WARN_SUSPICIOUS_MOVES = YES;
				CLANG_WARN_UNREACHABLE_CODE = YES;
				CLANG_WARN__DUPLICATE_METHOD_MATCH = YES;
				CODE_SIGN_IDENTITY = "-";
				COPY_PHASE_STRIP = NO;
				DEBUG_INFORMATION_FORMAT = dwarf;
				ENABLE_STRICT_OBJC_MSGSEND = YES;
				ENABLE_TESTABILITY = YES;
				GCC_C_LANGUAGE_STANDARD = gnu99;
				GCC_DYNAMIC_NO_PIC = NO;
				GCC_NO_COMMON_BLOCKS = YES;
				GCC_OPTIMIZATION_LEVEL = 0;
				GCC_PREPROCESSOR_DEFINITIONS = (
					"DEBUG=1",
					"$(inherited)",
				);
				GCC_WARN_64_TO_32_BIT_CONVERSION = YES;
				GCC_WARN_ABOUT_RETURN_TYPE = YES_ERROR;
				GCC_WARN_UNDECLARED_SELECTOR = YES;
				GCC_WARN_UNINITIALIZED_AUTOS = YES_AGGRESSIVE;
				GCC_WARN_UNUSED_FUNCTION = YES;
				GCC_WARN_UNUSED_VARIABLE = YES;
				MACOSX_DEPLOYMENT_TARGET = 10.11;
				MTL_ENABLE_DEBUG_INFO = YES;
				ONLY_ACTIVE_ARCH = YES;
				OTHER_LDFLAGS = (
					"-lcapstone",
					"-lcurses",
					"-lLLVMCore",
					"-lLLVMSupport",
					"${inherited}",
				);
				PRODUCT_NAME = "$(TARGET_NAME)";
				SDKROOT = macosx;
				USER_HEADER_SEARCH_PATHS = "${PROJECT_DIR}/googletest/googletest/include ${PROJECT_DIR}/googletest/googletest ${inherited}";
			};
			name = Debug;
		};
		C1BF1AC11E7528C400F766EA /* Release */ = {
			isa = XCBuildConfiguration;
			buildSettings = {
				ALWAYS_SEARCH_USER_PATHS = NO;
				CLANG_ANALYZER_NONNULL = YES;
				CLANG_CXX_LANGUAGE_STANDARD = "gnu++0x";
				CLANG_CXX_LIBRARY = "libc++";
				CLANG_ENABLE_MODULES = YES;
				CLANG_ENABLE_OBJC_ARC = YES;
				CLANG_WARN_BOOL_CONVERSION = YES;
				CLANG_WARN_CONSTANT_CONVERSION = YES;
				CLANG_WARN_DIRECT_OBJC_ISA_USAGE = YES_ERROR;
				CLANG_WARN_DOCUMENTATION_COMMENTS = YES;
				CLANG_WARN_EMPTY_BODY = YES;
				CLANG_WARN_ENUM_CONVERSION = YES;
				CLANG_WARN_INFINITE_RECURSION = YES;
				CLANG_WARN_INT_CONVERSION = YES;
				CLANG_WARN_OBJC_ROOT_CLASS = YES_ERROR;
				CLANG_WARN_SUSPICIOUS_MOVES = YES;
				CLANG_WARN_UNREACHABLE_CODE = YES;
				CLANG_WARN__DUPLICATE_METHOD_MATCH = YES;
				CODE_SIGN_IDENTITY = "-";
				COPY_PHASE_STRIP = NO;
				DEBUG_INFORMATION_FORMAT = "dwarf-with-dsym";
				ENABLE_NS_ASSERTIONS = NO;
				ENABLE_STRICT_OBJC_MSGSEND = YES;
				GCC_C_LANGUAGE_STANDARD = gnu99;
				GCC_NO_COMMON_BLOCKS = YES;
				GCC_WARN_64_TO_32_BIT_CONVERSION = YES;
				GCC_WARN_ABOUT_RETURN_TYPE = YES_ERROR;
				GCC_WARN_UNDECLARED_SELECTOR = YES;
				GCC_WARN_UNINITIALIZED_AUTOS = YES_AGGRESSIVE;
				GCC_WARN_UNUSED_FUNCTION = YES;
				GCC_WARN_UNUSED_VARIABLE = YES;
				MACOSX_DEPLOYMENT_TARGET = 10.11;
				MTL_ENABLE_DEBUG_INFO = NO;
				OTHER_LDFLAGS = (
					"-lcapstone",
					"-lcurses",
					"-lLLVMCore",
					"-lLLVMSupport",
					"${inherited}",
				);
				PRODUCT_NAME = "$(TARGET_NAME)";
				SDKROOT = macosx;
				USER_HEADER_SEARCH_PATHS = "${PROJECT_DIR}/googletest/googletest/include ${PROJECT_DIR}/googletest/googletest ${inherited}";
			};
			name = Release;
		};
		C1BF1AD11E768E2500F766EA /* Debug */ = {
			isa = XCBuildConfiguration;
			buildSettings = {
				ALWAYS_SEARCH_USER_PATHS = NO;
				CLANG_ANALYZER_NONNULL = YES;
				CLANG_CXX_LANGUAGE_STANDARD = "gnu++0x";
				CLANG_CXX_LIBRARY = "libc++";
				CLANG_ENABLE_MODULES = YES;
				CLANG_ENABLE_OBJC_ARC = YES;
				CLANG_WARN_BOOL_CONVERSION = YES;
				CLANG_WARN_CONSTANT_CONVERSION = YES;
				CLANG_WARN_DIRECT_OBJC_ISA_USAGE = YES_ERROR;
				CLANG_WARN_DOCUMENTATION_COMMENTS = YES;
				CLANG_WARN_EMPTY_BODY = YES;
				CLANG_WARN_ENUM_CONVERSION = YES;
				CLANG_WARN_INFINITE_RECURSION = YES;
				CLANG_WARN_INT_CONVERSION = YES;
				CLANG_WARN_OBJC_ROOT_CLASS = YES_ERROR;
				CLANG_WARN_SUSPICIOUS_MOVES = YES;
				CLANG_WARN_UNREACHABLE_CODE = YES;
				CLANG_WARN__DUPLICATE_METHOD_MATCH = YES;
				CODE_SIGN_IDENTITY = "-";
				COPY_PHASE_STRIP = NO;
				DEBUG_INFORMATION_FORMAT = dwarf;
				ENABLE_STRICT_OBJC_MSGSEND = YES;
				ENABLE_TESTABILITY = YES;
				EXECUTABLE_PREFIX = lib;
				GCC_C_LANGUAGE_STANDARD = gnu99;
				GCC_DYNAMIC_NO_PIC = NO;
				GCC_ENABLE_CPP_EXCEPTIONS = YES;
				GCC_ENABLE_CPP_RTTI = YES;
				GCC_NO_COMMON_BLOCKS = YES;
				GCC_OPTIMIZATION_LEVEL = 0;
				GCC_PREPROCESSOR_DEFINITIONS = (
					"DEBUG=1",
					"$(inherited)",
				);
				GCC_WARN_64_TO_32_BIT_CONVERSION = YES;
				GCC_WARN_ABOUT_RETURN_TYPE = YES_ERROR;
				GCC_WARN_UNDECLARED_SELECTOR = YES;
				GCC_WARN_UNINITIALIZED_AUTOS = YES_AGGRESSIVE;
				GCC_WARN_UNUSED_FUNCTION = YES;
				GCC_WARN_UNUSED_VARIABLE = YES;
				MACOSX_DEPLOYMENT_TARGET = 10.11;
				MTL_ENABLE_DEBUG_INFO = YES;
				ONLY_ACTIVE_ARCH = YES;
				PRODUCT_NAME = "$(TARGET_NAME)";
				SDKROOT = macosx;
			};
			name = Debug;
		};
		C1BF1AD21E768E2500F766EA /* Release */ = {
			isa = XCBuildConfiguration;
			buildSettings = {
				ALWAYS_SEARCH_USER_PATHS = NO;
				CLANG_ANALYZER_NONNULL = YES;
				CLANG_CXX_LANGUAGE_STANDARD = "gnu++0x";
				CLANG_CXX_LIBRARY = "libc++";
				CLANG_ENABLE_MODULES = YES;
				CLANG_ENABLE_OBJC_ARC = YES;
				CLANG_WARN_BOOL_CONVERSION = YES;
				CLANG_WARN_CONSTANT_CONVERSION = YES;
				CLANG_WARN_DIRECT_OBJC_ISA_USAGE = YES_ERROR;
				CLANG_WARN_DOCUMENTATION_COMMENTS = YES;
				CLANG_WARN_EMPTY_BODY = YES;
				CLANG_WARN_ENUM_CONVERSION = YES;
				CLANG_WARN_INFINITE_RECURSION = YES;
				CLANG_WARN_INT_CONVERSION = YES;
				CLANG_WARN_OBJC_ROOT_CLASS = YES_ERROR;
				CLANG_WARN_SUSPICIOUS_MOVES = YES;
				CLANG_WARN_UNREACHABLE_CODE = YES;
				CLANG_WARN__DUPLICATE_METHOD_MATCH = YES;
				CODE_SIGN_IDENTITY = "-";
				COPY_PHASE_STRIP = NO;
				DEBUG_INFORMATION_FORMAT = "dwarf-with-dsym";
				ENABLE_NS_ASSERTIONS = NO;
				ENABLE_STRICT_OBJC_MSGSEND = YES;
				EXECUTABLE_PREFIX = lib;
				GCC_C_LANGUAGE_STANDARD = gnu99;
				GCC_ENABLE_CPP_EXCEPTIONS = YES;
				GCC_ENABLE_CPP_RTTI = YES;
				GCC_NO_COMMON_BLOCKS = YES;
				GCC_WARN_64_TO_32_BIT_CONVERSION = YES;
				GCC_WARN_ABOUT_RETURN_TYPE = YES_ERROR;
				GCC_WARN_UNDECLARED_SELECTOR = YES;
				GCC_WARN_UNINITIALIZED_AUTOS = YES_AGGRESSIVE;
				GCC_WARN_UNUSED_FUNCTION = YES;
				GCC_WARN_UNUSED_VARIABLE = YES;
				MACOSX_DEPLOYMENT_TARGET = 10.11;
				MTL_ENABLE_DEBUG_INFO = NO;
				PRODUCT_NAME = "$(TARGET_NAME)";
				SDKROOT = macosx;
			};
			name = Release;
		};
		C1CC06BD1E7364E800BAECB3 /* Debug */ = {
			isa = XCBuildConfiguration;
			buildSettings = {
				HEADER_SEARCH_PATHS = (
					/usr/local/opt/capstone/include,
					"${inherited}",
				);
				LIBRARY_SEARCH_PATHS = (
					/usr/local/opt/capstone/lib,
					"${LLVM_DIR}/lib",
					"${inherited}",
				);
				LLVM_DIR = /usr/local/opt/llvm;
				USER_HEADER_SEARCH_PATHS = "${PROJECT_DIR}/include ${LLVM_DIR}/include ${inherited}";
				USE_HEADERMAP = NO;
			};
			name = Debug;
		};
		C1CC06BE1E7364E800BAECB3 /* Release */ = {
			isa = XCBuildConfiguration;
			buildSettings = {
				HEADER_SEARCH_PATHS = (
					/usr/local/opt/capstone/include,
					"${inherited}",
				);
				LIBRARY_SEARCH_PATHS = (
					/usr/local/opt/capstone/lib,
					"${LLVM_DIR}/lib",
					"${inherited}",
				);
				LLVM_DIR = /usr/local/opt/llvm;
				USER_HEADER_SEARCH_PATHS = "${PROJECT_DIR}/include ${LLVM_DIR}/include ${inherited}";
				USE_HEADERMAP = NO;
			};
			name = Release;
		};
		C1CC06C01E73666C00BAECB3 /* Debug */ = {
			isa = XCBuildConfiguration;
			buildSettings = {
				ALWAYS_SEARCH_USER_PATHS = NO;
				CLANG_ANALYZER_NONNULL = YES;
				CLANG_CXX_LANGUAGE_STANDARD = "gnu++0x";
				CLANG_CXX_LIBRARY = "libc++";
				CLANG_ENABLE_MODULES = YES;
				CLANG_ENABLE_OBJC_ARC = YES;
				CLANG_WARN_BOOL_CONVERSION = YES;
				CLANG_WARN_CONSTANT_CONVERSION = YES;
				CLANG_WARN_DIRECT_OBJC_ISA_USAGE = YES_ERROR;
				CLANG_WARN_DOCUMENTATION_COMMENTS = YES;
				CLANG_WARN_EMPTY_BODY = YES;
				CLANG_WARN_ENUM_CONVERSION = YES;
				CLANG_WARN_INFINITE_RECURSION = YES;
				CLANG_WARN_INT_CONVERSION = YES;
				CLANG_WARN_OBJC_ROOT_CLASS = YES_ERROR;
				CLANG_WARN_SUSPICIOUS_MOVES = YES;
				CLANG_WARN_UNREACHABLE_CODE = YES;
				CLANG_WARN__DUPLICATE_METHOD_MATCH = YES;
				COPY_PHASE_STRIP = NO;
				DEBUGGING_SYMBOLS = YES;
				DEBUG_INFORMATION_FORMAT = dwarf;
				ENABLE_STRICT_OBJC_MSGSEND = YES;
				ENABLE_TESTABILITY = YES;
				GCC_C_LANGUAGE_STANDARD = gnu99;
				GCC_DYNAMIC_NO_PIC = NO;
				GCC_GENERATE_DEBUGGING_SYMBOLS = YES;
				GCC_NO_COMMON_BLOCKS = YES;
				GCC_OPTIMIZATION_LEVEL = 0;
				GCC_PREPROCESSOR_DEFINITIONS = (
					"DEBUG=1",
					"$(inherited)",
				);
				GCC_WARN_64_TO_32_BIT_CONVERSION = YES;
				GCC_WARN_ABOUT_RETURN_TYPE = YES_ERROR;
				GCC_WARN_UNDECLARED_SELECTOR = YES;
				GCC_WARN_UNINITIALIZED_AUTOS = YES_AGGRESSIVE;
				GCC_WARN_UNUSED_FUNCTION = YES;
				GCC_WARN_UNUSED_VARIABLE = YES;
				MTL_ENABLE_DEBUG_INFO = YES;
				ONLY_ACTIVE_ARCH = YES;
				OTHER_CFLAGS = "";
				OTHER_LDFLAGS = "";
				PRODUCT_NAME = "$(TARGET_NAME)";
			};
			name = Debug;
		};
		C1CC06C11E73666C00BAECB3 /* Release */ = {
			isa = XCBuildConfiguration;
			buildSettings = {
				ALWAYS_SEARCH_USER_PATHS = NO;
				CLANG_ANALYZER_NONNULL = YES;
				CLANG_CXX_LANGUAGE_STANDARD = "gnu++0x";
				CLANG_CXX_LIBRARY = "libc++";
				CLANG_ENABLE_MODULES = YES;
				CLANG_ENABLE_OBJC_ARC = YES;
				CLANG_WARN_BOOL_CONVERSION = YES;
				CLANG_WARN_CONSTANT_CONVERSION = YES;
				CLANG_WARN_DIRECT_OBJC_ISA_USAGE = YES_ERROR;
				CLANG_WARN_DOCUMENTATION_COMMENTS = YES;
				CLANG_WARN_EMPTY_BODY = YES;
				CLANG_WARN_ENUM_CONVERSION = YES;
				CLANG_WARN_INFINITE_RECURSION = YES;
				CLANG_WARN_INT_CONVERSION = YES;
				CLANG_WARN_OBJC_ROOT_CLASS = YES_ERROR;
				CLANG_WARN_SUSPICIOUS_MOVES = YES;
				CLANG_WARN_UNREACHABLE_CODE = YES;
				CLANG_WARN__DUPLICATE_METHOD_MATCH = YES;
				COPY_PHASE_STRIP = NO;
				DEBUG_INFORMATION_FORMAT = "dwarf-with-dsym";
				ENABLE_NS_ASSERTIONS = NO;
				ENABLE_STRICT_OBJC_MSGSEND = YES;
				GCC_C_LANGUAGE_STANDARD = gnu99;
				GCC_NO_COMMON_BLOCKS = YES;
				GCC_WARN_64_TO_32_BIT_CONVERSION = YES;
				GCC_WARN_ABOUT_RETURN_TYPE = YES_ERROR;
				GCC_WARN_UNDECLARED_SELECTOR = YES;
				GCC_WARN_UNINITIALIZED_AUTOS = YES_AGGRESSIVE;
				GCC_WARN_UNUSED_FUNCTION = YES;
				GCC_WARN_UNUSED_VARIABLE = YES;
				MTL_ENABLE_DEBUG_INFO = NO;
				OTHER_CFLAGS = "";
				OTHER_LDFLAGS = "";
				PRODUCT_NAME = "$(TARGET_NAME)";
			};
			name = Release;
		};
/* End XCBuildConfiguration section */

/* Begin XCConfigurationList section */
		B22BD4701E858B070056A702 /* Build configuration list for PBXNativeTarget "translate" */ = {
			isa = XCConfigurationList;
			buildConfigurations = (
				B22BD46E1E858B070056A702 /* Debug */,
				B22BD46F1E858B070056A702 /* Release */,
			);
			defaultConfigurationIsVisible = 0;
			defaultConfigurationName = Release;
		};
		C108592B1E85939F0043CC67 /* Build configuration list for PBXLegacyTarget "correctness-test-data" */ = {
			isa = XCConfigurationList;
			buildConfigurations = (
				C10859291E85939F0043CC67 /* Debug */,
				C108592A1E85939F0043CC67 /* Release */,
			);
			defaultConfigurationIsVisible = 0;
		};
		C1BF1ABF1E7528C400F766EA /* Build configuration list for PBXNativeTarget "tests" */ = {
			isa = XCConfigurationList;
			buildConfigurations = (
				C1BF1AC01E7528C400F766EA /* Debug */,
				C1BF1AC11E7528C400F766EA /* Release */,
			);
			defaultConfigurationIsVisible = 0;
			defaultConfigurationName = Release;
		};
		C1BF1AD01E768E2500F766EA /* Build configuration list for PBXNativeTarget "translation" */ = {
			isa = XCConfigurationList;
			buildConfigurations = (
				C1BF1AD11E768E2500F766EA /* Debug */,
				C1BF1AD21E768E2500F766EA /* Release */,
			);
			defaultConfigurationIsVisible = 0;
			defaultConfigurationName = Release;
		};
		C1CC06BC1E7364E800BAECB3 /* Build configuration list for PBXProject "PPCtoLLVM" */ = {
			isa = XCConfigurationList;
			buildConfigurations = (
				C1CC06BD1E7364E800BAECB3 /* Debug */,
				C1CC06BE1E7364E800BAECB3 /* Release */,
			);
			defaultConfigurationIsVisible = 0;
			defaultConfigurationName = Release;
		};
		C1CC06C21E73666C00BAECB3 /* Build configuration list for PBXLegacyTarget "translation-test-data" */ = {
			isa = XCConfigurationList;
			buildConfigurations = (
				C1CC06C01E73666C00BAECB3 /* Debug */,
				C1CC06C11E73666C00BAECB3 /* Release */,
			);
			defaultConfigurationIsVisible = 0;
			defaultConfigurationName = Release;
		};
/* End XCConfigurationList section */
	};
	rootObject = C1CC06B91E7364E800BAECB3 /* Project object */;
}
